
Microsoft Visual Studio Solution File, Format Version 12.00
# Visual Studio 15
VisualStudioVersion = 15.0.28307.572
MinimumVisualStudioVersion = 10.0.40219.1
Project("{9092AA53-FB77-4645-B42D-1CCCA6BD08BD}") = "Skeleton", "Skeleton\Skeleton.njsproj", "{7E3BDA0C-257B-4B1C-A6A9-621228518980}"
EndProject
Project("{9092AA53-FB77-4645-B42D-1CCCA6BD08BD}") = "Movies", "Movies\Movies.njsproj", "{544C3161-B285-4486-888C-61D09FFA2E4F}"
EndProject
Global
	GlobalSection(SolutionConfigurationPlatforms) = preSolution
		Debug|Any CPU = Debug|Any CPU
		Release|Any CPU = Release|Any CPU
	EndGlobalSection
	GlobalSection(ProjectConfigurationPlatforms) = postSolution
		{7E3BDA0C-257B-4B1C-A6A9-621228518980}.Debug|Any CPU.ActiveCfg = Debug|Any CPU
		{7E3BDA0C-257B-4B1C-A6A9-621228518980}.Debug|Any CPU.Build.0 = Debug|Any CPU
		{7E3BDA0C-257B-4B1C-A6A9-621228518980}.Release|Any CPU.ActiveCfg = Release|Any CPU
		{7E3BDA0C-257B-4B1C-A6A9-621228518980}.Release|Any CPU.Build.0 = Release|Any CPU
		{544C3161-B285-4486-888C-61D09FFA2E4F}.Debug|Any CPU.ActiveCfg = Debug|Any CPU
		{544C3161-B285-4486-888C-61D09FFA2E4F}.Debug|Any CPU.Build.0 = Debug|Any CPU
		{544C3161-B285-4486-888C-61D09FFA2E4F}.Release|Any CPU.ActiveCfg = Release|Any CPU
		{544C3161-B285-4486-888C-61D09FFA2E4F}.Release|Any CPU.Build.0 = Release|Any CPU
	EndGlobalSection
	GlobalSection(SolutionProperties) = preSolution
		HideSolutionNode = FALSE
	EndGlobalSection
	GlobalSection(ExtensibilityGlobals) = postSolution
		SolutionGuid = {B906094A-F8E6-4283-95B2-8A0B559E043A}
	EndGlobalSection
EndGlobal
